
Microsoft Visual Studio Solution File, Format Version 12.00
# Visual Studio Version 16
VisualStudioVersion = 16.0.29920.165
MinimumVisualStudioVersion = 10.0.40219.1
Project("{FAE04EC0-301F-11D3-BF4B-00C04F79EFBC}") = "ToFood.Web", "ToFood.Web\ToFood.Web.csproj", "{6673FF7C-A880-43DF-9552-A7F19F7EE158}"
EndProject
Project("{FAE04EC0-301F-11D3-BF4B-00C04F79EFBC}") = "OdToFood.Data", "OdToFood.Data\OdToFood.Data.csproj", "{ECE7FCEE-45FB-47EF-A12A-B71B42DA1E3B}"
EndProject
Global
	GlobalSection(SolutionConfigurationPlatforms) = preSolution
		Debug|Any CPU = Debug|Any CPU
		Release|Any CPU = Release|Any CPU
	EndGlobalSection
	GlobalSection(ProjectConfigurationPlatforms) = postSolution
		{6673FF7C-A880-43DF-9552-A7F19F7EE158}.Debug|Any CPU.ActiveCfg = Debug|Any CPU
		{6673FF7C-A880-43DF-9552-A7F19F7EE158}.Debug|Any CPU.Build.0 = Debug|Any CPU
		{6673FF7C-A880-43DF-9552-A7F19F7EE158}.Release|Any CPU.ActiveCfg = Release|Any CPU
		{6673FF7C-A880-43DF-9552-A7F19F7EE158}.Release|Any CPU.Build.0 = Release|Any CPU
		{ECE7FCEE-45FB-47EF-A12A-B71B42DA1E3B}.Debug|Any CPU.ActiveCfg = Debug|Any CPU
		{ECE7FCEE-45FB-47EF-A12A-B71B42DA1E3B}.Debug|Any CPU.Build.0 = Debug|Any CPU
		{ECE7FCEE-45FB-47EF-A12A-B71B42DA1E3B}.Release|Any CPU.ActiveCfg = Release|Any CPU
		{ECE7FCEE-45FB-47EF-A12A-B71B42DA1E3B}.Release|Any CPU.Build.0 = Release|Any CPU
	EndGlobalSection
	GlobalSection(SolutionProperties) = preSolution
		HideSolutionNode = FALSE
	EndGlobalSection
	GlobalSection(ExtensibilityGlobals) = postSolution
		SolutionGuid = {9F3BE7FE-5A2B-4F0C-9463-4082FD7F060E}
	EndGlobalSection
EndGlobal
